// !$*UTF8*$!
{
	archiveVersion = 1;
	classes = {
	};
	objectVersion = 77;
	objects = {

/* Begin PBXBuildFile section */
		0C1D77D43F4A0920459F42CB /* PepperContextBuilder.swift in Sources */ = {isa = PBXBuildFile; fileRef = 648CAF1BCC80EE0DA43023CC /* PepperContextBuilder.swift */; };
		0C5313D9ABAF9C4B3BC03FC1 /* FlowLayout.swift in Sources */ = {isa = PBXBuildFile; fileRef = F7ADA16AA8D67B19118727DC /* FlowLayout.swift */; };
		0C8A239A8443142568C3E911 /* PepperService.swift in Sources */ = {isa = PBXBuildFile; fileRef = 1DC9DAA4ACFF3CB8267F8DB7 /* PepperService.swift */; };
		1A91E7BBEB1A2DE59A7E5808 /* PeptideTimeline.swift in Sources */ = {isa = PBXBuildFile; fileRef = 79AE3A764B3513CBBD071C8A /* PeptideTimeline.swift */; };
		21703A41D75774EE32171604 /* RevenueCat in Frameworks */ = {isa = PBXBuildFile; productRef = 3747C358D2AD7863132D77FB /* RevenueCat */; };
		249E7E3126D337ED75D62678 /* SyringeMathTests.swift in Sources */ = {isa = PBXBuildFile; fileRef = 9D748DD8878D375FCD0A9963 /* SyringeMathTests.swift */; };
		24C1681AC17DA31FA4D105D8 /* NavigationCoordinator.swift in Sources */ = {isa = PBXBuildFile; fileRef = 83EF1C2877E8A8C14B12F176 /* NavigationCoordinator.swift */; };
		27581A45ECFCBC818FBDEAEA /* TrackTabView.swift in Sources */ = {isa = PBXBuildFile; fileRef = E316347F2770670754F356D8 /* TrackTabView.swift */; };
		2835BF87D8CFAA389D1B7013 /* VoiceRecognitionService.swift in Sources */ = {isa = PBXBuildFile; fileRef = 13F065198D4DEE474CB56BBC /* VoiceRecognitionService.swift */; };
		341ED8BBA7662ED854D24444 /* RevenueCatUI in Frameworks */ = {isa = PBXBuildFile; productRef = 5540A5A0FF78422BA495CF3E /* RevenueCatUI */; };
		34E5779E0578758EC566E6A4 /* StackParserTests.swift in Sources */ = {isa = PBXBuildFile; fileRef = 12C0037AF03875FF9BD7064C /* StackParserTests.swift */; };
		3595B0C2116E96258D63CE77 /* LottieView.swift in Sources */ = {isa = PBXBuildFile; fileRef = 714AF4E8BC9F1C775607B76B /* LottieView.swift */; };
		36496D06831957F73E0BCBF9 /* Lottie in Frameworks */ = {isa = PBXBuildFile; productRef = 4259C646A81323FD332495F9 /* Lottie */; };
		3B10F0E05CF40FFC9684D6F8 /* SyncService.swift in Sources */ = {isa = PBXBuildFile; fileRef = 951AE98846C374F5BECFA160 /* SyncService.swift */; };
		41E0CFCB87D46D99DC4A1D28 /* Supabase in Frameworks */ = {isa = PBXBuildFile; productRef = 6101776D06AFE01551CD1B66 /* Supabase */; };
		448D2DB89CA1F8BFA33CC8EE /* PinSite.swift in Sources */ = {isa = PBXBuildFile; fileRef = 82FA4DB407C883FA11232C39 /* PinSite.swift */; };
		4841CCC7EAC0C554152ED366 /* VoiceIntentTests.swift in Sources */ = {isa = PBXBuildFile; fileRef = 2DA4494318EF7FDC77856780 /* VoiceIntentTests.swift */; };
		485BB37992DF7287EABE9FF2 /* StackImportView.swift in Sources */ = {isa = PBXBuildFile; fileRef = 8E48A21DCF929DD3C1C84A3F /* StackImportView.swift */; };
		4F5F25040C0FFEAD78A62B2C /* StackPreviewSheet.swift in Sources */ = {isa = PBXBuildFile; fileRef = AE5B5D8E6C281FAC630BA123 /* StackPreviewSheet.swift */; };
		54AB0800CFDB72E621879B4D /* PurchasesManager.swift in Sources */ = {isa = PBXBuildFile; fileRef = 1EECE96E8FD10C2E3E738D13 /* PurchasesManager.swift */; };
		55EB6662725107348C4FC870 /* ExerciseDatabase.swift in Sources */ = {isa = PBXBuildFile; fileRef = 2E7CF0EAF1AA35855DA9CADD /* ExerciseDatabase.swift */; };
		5F91630A4E042D1D5239A6A0 /* OpenFoodFactsService.swift in Sources */ = {isa = PBXBuildFile; fileRef = 71A1FC4EE0034C6A557A5506 /* OpenFoodFactsService.swift */; };
		5F9F36A1FB50A533C323B192 /* PinningProtocolView.swift in Sources */ = {isa = PBXBuildFile; fileRef = C9E1301F2BAD3501B0C4BB17 /* PinningProtocolView.swift */; };
		620DB762374BD554E02861BF /* MacroTrendChart.swift in Sources */ = {isa = PBXBuildFile; fileRef = C4ED62FCBA3553F8E2C49ED3 /* MacroTrendChart.swift */; };
		634D165186B12B04169FB7EA /* ColorExtension.swift in Sources */ = {isa = PBXBuildFile; fileRef = 8629AC5349E466A634E49CB9 /* ColorExtension.swift */; };
		68DAD0A97CA52989F1A69391 /* GoalDetector.swift in Sources */ = {isa = PBXBuildFile; fileRef = 77F02C3985AE4EDAEB4A311B /* GoalDetector.swift */; };
		6BD841B514DE4AABAEDA3773 /* OnboardingCreateAccountView.swift in Sources */ = {isa = PBXBuildFile; fileRef = 8240F06BC312D3478B2E2F66 /* OnboardingCreateAccountView.swift */; };
		6EE97F7B9AB12AF4F5C4C477 /* FoodTabView.swift in Sources */ = {isa = PBXBuildFile; fileRef = 22B36B0B6D4699B48F500610 /* FoodTabView.swift */; };
		7546DB80CD5A3A000505D8E1 /* AppState.swift in Sources */ = {isa = PBXBuildFile; fileRef = AB0150D0E02B61CFA97BBFEA /* AppState.swift */; };
		75A4A165E409C941532C83A4 /* GoalDetectorTests.swift in Sources */ = {isa = PBXBuildFile; fileRef = 97C5E275C05D9FB99B4A611F /* GoalDetectorTests.swift */; };
		7D72DB8F68ABF974A67C9E09 /* Citation.swift in Sources */ = {isa = PBXBuildFile; fileRef = 076A91AAB121FA0493A27AE2 /* Citation.swift */; };
		7F0AF604F49071432B1A0D87 /* PrivacyPolicyView.swift in Sources */ = {isa = PBXBuildFile; fileRef = AEA62E288498A45ECB24D384 /* PrivacyPolicyView.swift */; };
		8000882C43C1A7CC1DE2E3A7 /* NudgeEngine.swift in Sources */ = {isa = PBXBuildFile; fileRef = 5749C3D684B1992D8AE65B5F /* NudgeEngine.swift */; };
		809B45E7BA962701EB4216F5 /* VoiceNavigatorView.swift in Sources */ = {isa = PBXBuildFile; fileRef = AF2EA280BEF4E2AB842C676D /* VoiceNavigatorView.swift */; };
		8881F38842433B366966770D /* MainTabView.swift in Sources */ = {isa = PBXBuildFile; fileRef = 5E90F5C9CC4F01BEAFFFC864 /* MainTabView.swift */; };
		892124118AD69972FB39F762 /* OnboardingTrialView.swift in Sources */ = {isa = PBXBuildFile; fileRef = 2F85AE984B455CD7B3002A97 /* OnboardingTrialView.swift */; };
		8B84FA222086FE66EA43940A /* PeptideTimelineView.swift in Sources */ = {isa = PBXBuildFile; fileRef = 3C28C870AF0B99649B38270C /* PeptideTimelineView.swift */; };
		932AB36FD0950BD7DDA83F04 /* PepperModels.swift in Sources */ = {isa = PBXBuildFile; fileRef = 1DEE0D62385E013F3E74DA04 /* PepperModels.swift */; };
		934D8BE266B1AC4191FEB287 /* StackRecommender.swift in Sources */ = {isa = PBXBuildFile; fileRef = 44590837E2D24B259E42580E /* StackRecommender.swift */; };
		94E563CCA405EBAD146DC369 /* TodayView.swift in Sources */ = {isa = PBXBuildFile; fileRef = DDCF3995C18E09C086B31D0D /* TodayView.swift */; };
		9DD0EEA597BDED5D08634632 /* BACProtocol.swift in Sources */ = {isa = PBXBuildFile; fileRef = 66065355EBBA201EE7E69E6A /* BACProtocol.swift */; };
		9E974CFFEAFAFE7B1F9771D8 /* GoalCategory.swift in Sources */ = {isa = PBXBuildFile; fileRef = 9E49A1AE719F5A51FB839D78 /* GoalCategory.swift */; };
		A7B2FC999B13644600B6E78A /* OnboardingNumbersView.swift in Sources */ = {isa = PBXBuildFile; fileRef = 1B3B069A3CD076DAAE02B5E4 /* OnboardingNumbersView.swift */; };
		A82EC9F4D8EEFFA3D2919545 /* ResearchListView.swift in Sources */ = {isa = PBXBuildFile; fileRef = 956466801FBBCC30816247FC /* ResearchListView.swift */; };
		AA3E1A7BDCBA23D6AB9BDF00 /* ElevenLabsTTSService.swift in Sources */ = {isa = PBXBuildFile; fileRef = 14FAFC0F5F4132FBDFCBF8F2 /* ElevenLabsTTSService.swift */; };
		ABF44F7A0831BD322DE640A3 /* NotesImportView.swift in Sources */ = {isa = PBXBuildFile; fileRef = C46D439AB4656A15BB6D9283 /* NotesImportView.swift */; };
		AE52EB46C2F4E043B174BBE6 /* NotificationScheduler.swift in Sources */ = {isa = PBXBuildFile; fileRef = 307D6C67FEE3B5A964C881E7 /* NotificationScheduler.swift */; };
		AF825FC006426E88FCAFFE47 /* PeptideApp.swift in Sources */ = {isa = PBXBuildFile; fileRef = 78D52DE6232789F2ED1E60EE /* PeptideApp.swift */; };
		B07D91F7CD756A014CE7939F /* lottie_success.json in Resources */ = {isa = PBXBuildFile; fileRef = 0A36C84F71999C76F3086939 /* lottie_success.json */; };
		B351BF0B1DABD8ED6534FDF7 /* AuthManager.swift in Sources */ = {isa = PBXBuildFile; fileRef = 31ACAA9EE356CB22FDD6D04A /* AuthManager.swift */; };
		B40E4DFC7079A59F0563EBBA /* VoiceImportView.swift in Sources */ = {isa = PBXBuildFile; fileRef = 631174733F7A673FD27BAECB /* VoiceImportView.swift */; };
		B68C3E70C523CDCDE23EDDFB /* PaywallView.swift in Sources */ = {isa = PBXBuildFile; fileRef = 94664F5884BE502877EF5DD9 /* PaywallView.swift */; };
		BCC2D9BEF07BA936C5172930 /* DosingFormula.swift in Sources */ = {isa = PBXBuildFile; fileRef = 33ADA76A6D88E5EF9202B08A /* DosingFormula.swift */; };
		C124B6C82F158DF46E109ED6 /* AnatomicalBodyView.swift in Sources */ = {isa = PBXBuildFile; fileRef = B70DE10DCE171796021BF002 /* AnatomicalBodyView.swift */; };
		C2542417C91B2DC45C51215F /* SplashView.swift in Sources */ = {isa = PBXBuildFile; fileRef = 884BF69D72044410038548F2 /* SplashView.swift */; };
		C32373CE8E8A1C91CBB1955D /* OnboardingFlowView.swift in Sources */ = {isa = PBXBuildFile; fileRef = 5D0827F65CF977B525D00EEC /* OnboardingFlowView.swift */; };
		C432D36EEFC8DFFE315EB3E8 /* APIKeys.swift.example in Resources */ = {isa = PBXBuildFile; fileRef = DFD346FCAF6AADDF330F4A97 /* APIKeys.swift.example */; };
		C5BDD4AD2A7B9A5FD35E2C10 /* OnboardingGoalsView.swift in Sources */ = {isa = PBXBuildFile; fileRef = 0F7C10FE0722B93F7E0975FB /* OnboardingGoalsView.swift */; };
		C62CD5F57157F00777886F94 /* CompoundCatalog.swift in Sources */ = {isa = PBXBuildFile; fileRef = 642C8EDF9F10373D5E8F1B1F /* CompoundCatalog.swift */; };
		C80E7009798DA54693B9C8FC /* SideEffectSheet.swift in Sources */ = {isa = PBXBuildFile; fileRef = 640BA05A60D6E614713F44D3 /* SideEffectSheet.swift */; };
		C95C656B1B68303AE62BF622 /* StackParser.swift in Sources */ = {isa = PBXBuildFile; fileRef = D1632C678078BEB0665AA2ED /* StackParser.swift */; };
		D025907A95742B73F594ADF6 /* AskPepperView.swift in Sources */ = {isa = PBXBuildFile; fileRef = 58D95FFAD7DEAB4958C16CB2 /* AskPepperView.swift */; };
		D3D6EAB137698AEC56A96F81 /* ProtocolTabView.swift in Sources */ = {isa = PBXBuildFile; fileRef = C81281B996D0E617F44A085F /* ProtocolTabView.swift */; };
		D477F76133F4F12EF70C87BA /* OnboardingBodyView.swift in Sources */ = {isa = PBXBuildFile; fileRef = 1C7560D8BCF42694B0ACDA4C /* OnboardingBodyView.swift */; };
		D632A33494003BE6BF74C8BD /* CompoundPickerView.swift in Sources */ = {isa = PBXBuildFile; fileRef = 23C142A9864CCB0FDBD356AC /* CompoundPickerView.swift */; };
		DB11EA057504EBA160F95C55 /* SwiftDataModels.swift in Sources */ = {isa = PBXBuildFile; fileRef = 452EA4D408F6C222548AFE28 /* SwiftDataModels.swift */; };
		E155D43619E7CB159EBC9C6B /* DosingFormulaTests.swift in Sources */ = {isa = PBXBuildFile; fileRef = 20F9C61D78F92A916950AF5E /* DosingFormulaTests.swift */; };
		E2DC4FE07A41561301BA8A8B /* SyringeMath.swift in Sources */ = {isa = PBXBuildFile; fileRef = E292BDD27FAC49022F969563 /* SyringeMath.swift */; };
		E970DC4E918F28A3F53274A9 /* OnboardingProtocolView.swift in Sources */ = {isa = PBXBuildFile; fileRef = 4BE1BEA9EC2097A18D833D94 /* OnboardingProtocolView.swift */; };
		EA130F1EF1600AD22B036522 /* PostHog in Frameworks */ = {isa = PBXBuildFile; productRef = A417C4F2E3ECF95B02E08DCB /* PostHog */; };
		EAA3579483953D71C5B20780 /* Compound.swift in Sources */ = {isa = PBXBuildFile; fileRef = 4DB6327A6B6BE70607338173 /* Compound.swift */; };
		EB2253F1F4ECCE438EB5E477 /* Assets.xcassets in Resources */ = {isa = PBXBuildFile; fileRef = 058D4DB3BB7FB5A2E2FDCF32 /* Assets.xcassets */; };
		F1CA442814B442562B147FF6 /* APIKeys.swift in Sources */ = {isa = PBXBuildFile; fileRef = 3B564722A3686BFAA42F39AD /* APIKeys.swift */; };
		F1F465BEEF7BF4E117DA70B7 /* SettingsView.swift in Sources */ = {isa = PBXBuildFile; fileRef = D2EE90CF0787BD8DC1D4F59A /* SettingsView.swift */; };
		F4CD50DC0AF911687607B99D /* VoiceIntent.swift in Sources */ = {isa = PBXBuildFile; fileRef = 08E994D55DE0711618AF440C /* VoiceIntent.swift */; };
		F94374DCCDC4CE7A4F271880 /* SupabaseClient.swift in Sources */ = {isa = PBXBuildFile; fileRef = 15DB48CB21F5DA7F35B6966C /* SupabaseClient.swift */; };
		FA3E8941D92A6B833F61C372 /* DosingCalculatorView.swift in Sources */ = {isa = PBXBuildFile; fileRef = 09AB6425F051690375637C19 /* DosingCalculatorView.swift */; };
		FBE740CF4A901B737C9BEEAA /* Analytics.swift in Sources */ = {isa = PBXBuildFile; fileRef = 4A13A112102DD1749034842B /* Analytics.swift */; };
/* End PBXBuildFile section */

/* Begin PBXContainerItemProxy section */
		B9BA987495CAC327FF37D07B /* PBXContainerItemProxy */ = {
			isa = PBXContainerItemProxy;
			containerPortal = 1A354FEE4113C1C899E9AE8C /* Project object */;
			proxyType = 1;
			remoteGlobalIDString = 7FCBD66D71F7E1C3FE33F38E;
			remoteInfo = Peptide;
		};
/* End PBXContainerItemProxy section */

/* Begin PBXFileReference section */
		058D4DB3BB7FB5A2E2FDCF32 /* Assets.xcassets */ = {isa = PBXFileReference; lastKnownFileType = folder.assetcatalog; path = Assets.xcassets; sourceTree = "<group>"; };
		076A91AAB121FA0493A27AE2 /* Citation.swift */ = {isa = PBXFileReference; lastKnownFileType = sourcecode.swift; path = Citation.swift; sourceTree = "<group>"; };
		08E994D55DE0711618AF440C /* VoiceIntent.swift */ = {isa = PBXFileReference; lastKnownFileType = sourcecode.swift; path = VoiceIntent.swift; sourceTree = "<group>"; };
		09AB6425F051690375637C19 /* DosingCalculatorView.swift */ = {isa = PBXFileReference; lastKnownFileType = sourcecode.swift; path = DosingCalculatorView.swift; sourceTree = "<group>"; };
		0A36C84F71999C76F3086939 /* lottie_success.json */ = {isa = PBXFileReference; lastKnownFileType = text.json; path = lottie_success.json; sourceTree = "<group>"; };
		0F7C10FE0722B93F7E0975FB /* OnboardingGoalsView.swift */ = {isa = PBXFileReference; lastKnownFileType = sourcecode.swift; path = OnboardingGoalsView.swift; sourceTree = "<group>"; };
		12C0037AF03875FF9BD7064C /* StackParserTests.swift */ = {isa = PBXFileReference; lastKnownFileType = sourcecode.swift; path = StackParserTests.swift; sourceTree = "<group>"; };
		13F065198D4DEE474CB56BBC /* VoiceRecognitionService.swift */ = {isa = PBXFileReference; lastKnownFileType = sourcecode.swift; path = VoiceRecognitionService.swift; sourceTree = "<group>"; };
		14FAFC0F5F4132FBDFCBF8F2 /* ElevenLabsTTSService.swift */ = {isa = PBXFileReference; lastKnownFileType = sourcecode.swift; path = ElevenLabsTTSService.swift; sourceTree = "<group>"; };
		15DB48CB21F5DA7F35B6966C /* SupabaseClient.swift */ = {isa = PBXFileReference; lastKnownFileType = sourcecode.swift; path = SupabaseClient.swift; sourceTree = "<group>"; };
		1B3B069A3CD076DAAE02B5E4 /* OnboardingNumbersView.swift */ = {isa = PBXFileReference; lastKnownFileType = sourcecode.swift; path = OnboardingNumbersView.swift; sourceTree = "<group>"; };
		1C7560D8BCF42694B0ACDA4C /* OnboardingBodyView.swift */ = {isa = PBXFileReference; lastKnownFileType = sourcecode.swift; path = OnboardingBodyView.swift; sourceTree = "<group>"; };
		1DC9DAA4ACFF3CB8267F8DB7 /* PepperService.swift */ = {isa = PBXFileReference; lastKnownFileType = sourcecode.swift; path = PepperService.swift; sourceTree = "<group>"; };
		1DEE0D62385E013F3E74DA04 /* PepperModels.swift */ = {isa = PBXFileReference; lastKnownFileType = sourcecode.swift; path = PepperModels.swift; sourceTree = "<group>"; };
		1EECE96E8FD10C2E3E738D13 /* PurchasesManager.swift */ = {isa = PBXFileReference; lastKnownFileType = sourcecode.swift; path = PurchasesManager.swift; sourceTree = "<group>"; };
		20F9C61D78F92A916950AF5E /* DosingFormulaTests.swift */ = {isa = PBXFileReference; lastKnownFileType = sourcecode.swift; path = DosingFormulaTests.swift; sourceTree = "<group>"; };
		22B36B0B6D4699B48F500610 /* FoodTabView.swift */ = {isa = PBXFileReference; lastKnownFileType = sourcecode.swift; path = FoodTabView.swift; sourceTree = "<group>"; };
		23C142A9864CCB0FDBD356AC /* CompoundPickerView.swift */ = {isa = PBXFileReference; lastKnownFileType = sourcecode.swift; path = CompoundPickerView.swift; sourceTree = "<group>"; };
		2DA4494318EF7FDC77856780 /* VoiceIntentTests.swift */ = {isa = PBXFileReference; lastKnownFileType = sourcecode.swift; path = VoiceIntentTests.swift; sourceTree = "<group>"; };
		2E7CF0EAF1AA35855DA9CADD /* ExerciseDatabase.swift */ = {isa = PBXFileReference; lastKnownFileType = sourcecode.swift; path = ExerciseDatabase.swift; sourceTree = "<group>"; };
		2F85AE984B455CD7B3002A97 /* OnboardingTrialView.swift */ = {isa = PBXFileReference; lastKnownFileType = sourcecode.swift; path = OnboardingTrialView.swift; sourceTree = "<group>"; };
		307D6C67FEE3B5A964C881E7 /* NotificationScheduler.swift */ = {isa = PBXFileReference; lastKnownFileType = sourcecode.swift; path = NotificationScheduler.swift; sourceTree = "<group>"; };
		31ACAA9EE356CB22FDD6D04A /* AuthManager.swift */ = {isa = PBXFileReference; lastKnownFileType = sourcecode.swift; path = AuthManager.swift; sourceTree = "<group>"; };
		33ADA76A6D88E5EF9202B08A /* DosingFormula.swift */ = {isa = PBXFileReference; lastKnownFileType = sourcecode.swift; path = DosingFormula.swift; sourceTree = "<group>"; };
		3B564722A3686BFAA42F39AD /* APIKeys.swift */ = {isa = PBXFileReference; lastKnownFileType = sourcecode.swift; path = APIKeys.swift; sourceTree = "<group>"; };
		3C28C870AF0B99649B38270C /* PeptideTimelineView.swift */ = {isa = PBXFileReference; lastKnownFileType = sourcecode.swift; path = PeptideTimelineView.swift; sourceTree = "<group>"; };
		44590837E2D24B259E42580E /* StackRecommender.swift */ = {isa = PBXFileReference; lastKnownFileType = sourcecode.swift; path = StackRecommender.swift; sourceTree = "<group>"; };
		452EA4D408F6C222548AFE28 /* SwiftDataModels.swift */ = {isa = PBXFileReference; lastKnownFileType = sourcecode.swift; path = SwiftDataModels.swift; sourceTree = "<group>"; };
		4A0D7176529AED3124436F30 /* Info.plist */ = {isa = PBXFileReference; lastKnownFileType = text.plist; path = Info.plist; sourceTree = "<group>"; };
		4A13A112102DD1749034842B /* Analytics.swift */ = {isa = PBXFileReference; lastKnownFileType = sourcecode.swift; path = Analytics.swift; sourceTree = "<group>"; };
		4BE1BEA9EC2097A18D833D94 /* OnboardingProtocolView.swift */ = {isa = PBXFileReference; lastKnownFileType = sourcecode.swift; path = OnboardingProtocolView.swift; sourceTree = "<group>"; };
		4DB6327A6B6BE70607338173 /* Compound.swift */ = {isa = PBXFileReference; lastKnownFileType = sourcecode.swift; path = Compound.swift; sourceTree = "<group>"; };
		5749C3D684B1992D8AE65B5F /* NudgeEngine.swift */ = {isa = PBXFileReference; lastKnownFileType = sourcecode.swift; path = NudgeEngine.swift; sourceTree = "<group>"; };
		58D95FFAD7DEAB4958C16CB2 /* AskPepperView.swift */ = {isa = PBXFileReference; lastKnownFileType = sourcecode.swift; path = AskPepperView.swift; sourceTree = "<group>"; };
		5D0827F65CF977B525D00EEC /* OnboardingFlowView.swift */ = {isa = PBXFileReference; lastKnownFileType = sourcecode.swift; path = OnboardingFlowView.swift; sourceTree = "<group>"; };
		5E90F5C9CC4F01BEAFFFC864 /* MainTabView.swift */ = {isa = PBXFileReference; lastKnownFileType = sourcecode.swift; path = MainTabView.swift; sourceTree = "<group>"; };
		631174733F7A673FD27BAECB /* VoiceImportView.swift */ = {isa = PBXFileReference; lastKnownFileType = sourcecode.swift; path = VoiceImportView.swift; sourceTree = "<group>"; };
		640BA05A60D6E614713F44D3 /* SideEffectSheet.swift */ = {isa = PBXFileReference; lastKnownFileType = sourcecode.swift; path = SideEffectSheet.swift; sourceTree = "<group>"; };
		642C8EDF9F10373D5E8F1B1F /* CompoundCatalog.swift */ = {isa = PBXFileReference; lastKnownFileType = sourcecode.swift; path = CompoundCatalog.swift; sourceTree = "<group>"; };
		648CAF1BCC80EE0DA43023CC /* PepperContextBuilder.swift */ = {isa = PBXFileReference; lastKnownFileType = sourcecode.swift; path = PepperContextBuilder.swift; sourceTree = "<group>"; };
		66065355EBBA201EE7E69E6A /* BACProtocol.swift */ = {isa = PBXFileReference; lastKnownFileType = sourcecode.swift; path = BACProtocol.swift; sourceTree = "<group>"; };
		714AF4E8BC9F1C775607B76B /* LottieView.swift */ = {isa = PBXFileReference; lastKnownFileType = sourcecode.swift; path = LottieView.swift; sourceTree = "<group>"; };
		71A1FC4EE0034C6A557A5506 /* OpenFoodFactsService.swift */ = {isa = PBXFileReference; lastKnownFileType = sourcecode.swift; path = OpenFoodFactsService.swift; sourceTree = "<group>"; };
		77F02C3985AE4EDAEB4A311B /* GoalDetector.swift */ = {isa = PBXFileReference; lastKnownFileType = sourcecode.swift; path = GoalDetector.swift; sourceTree = "<group>"; };
		78D52DE6232789F2ED1E60EE /* PeptideApp.swift */ = {isa = PBXFileReference; lastKnownFileType = sourcecode.swift; path = PeptideApp.swift; sourceTree = "<group>"; };
		79AE3A764B3513CBBD071C8A /* PeptideTimeline.swift */ = {isa = PBXFileReference; lastKnownFileType = sourcecode.swift; path = PeptideTimeline.swift; sourceTree = "<group>"; };
		8240F06BC312D3478B2E2F66 /* OnboardingCreateAccountView.swift */ = {isa = PBXFileReference; lastKnownFileType = sourcecode.swift; path = OnboardingCreateAccountView.swift; sourceTree = "<group>"; };
		82FA4DB407C883FA11232C39 /* PinSite.swift */ = {isa = PBXFileReference; lastKnownFileType = sourcecode.swift; path = PinSite.swift; sourceTree = "<group>"; };
		83EF1C2877E8A8C14B12F176 /* NavigationCoordinator.swift */ = {isa = PBXFileReference; lastKnownFileType = sourcecode.swift; path = NavigationCoordinator.swift; sourceTree = "<group>"; };
		8629AC5349E466A634E49CB9 /* ColorExtension.swift */ = {isa = PBXFileReference; lastKnownFileType = sourcecode.swift; path = ColorExtension.swift; sourceTree = "<group>"; };
		884BF69D72044410038548F2 /* SplashView.swift */ = {isa = PBXFileReference; lastKnownFileType = sourcecode.swift; path = SplashView.swift; sourceTree = "<group>"; };
		8E48A21DCF929DD3C1C84A3F /* StackImportView.swift */ = {isa = PBXFileReference; lastKnownFileType = sourcecode.swift; path = StackImportView.swift; sourceTree = "<group>"; };
		94664F5884BE502877EF5DD9 /* PaywallView.swift */ = {isa = PBXFileReference; lastKnownFileType = sourcecode.swift; path = PaywallView.swift; sourceTree = "<group>"; };
		951AE98846C374F5BECFA160 /* SyncService.swift */ = {isa = PBXFileReference; lastKnownFileType = sourcecode.swift; path = SyncService.swift; sourceTree = "<group>"; };
		956466801FBBCC30816247FC /* ResearchListView.swift */ = {isa = PBXFileReference; lastKnownFileType = sourcecode.swift; path = ResearchListView.swift; sourceTree = "<group>"; };
		97C5E275C05D9FB99B4A611F /* GoalDetectorTests.swift */ = {isa = PBXFileReference; lastKnownFileType = sourcecode.swift; path = GoalDetectorTests.swift; sourceTree = "<group>"; };
		9D748DD8878D375FCD0A9963 /* SyringeMathTests.swift */ = {isa = PBXFileReference; lastKnownFileType = sourcecode.swift; path = SyringeMathTests.swift; sourceTree = "<group>"; };
		9E49A1AE719F5A51FB839D78 /* GoalCategory.swift */ = {isa = PBXFileReference; lastKnownFileType = sourcecode.swift; path = GoalCategory.swift; sourceTree = "<group>"; };
		AB0150D0E02B61CFA97BBFEA /* AppState.swift */ = {isa = PBXFileReference; lastKnownFileType = sourcecode.swift; path = AppState.swift; sourceTree = "<group>"; };
		AE5B5D8E6C281FAC630BA123 /* StackPreviewSheet.swift */ = {isa = PBXFileReference; lastKnownFileType = sourcecode.swift; path = StackPreviewSheet.swift; sourceTree = "<group>"; };
		AEA62E288498A45ECB24D384 /* PrivacyPolicyView.swift */ = {isa = PBXFileReference; lastKnownFileType = sourcecode.swift; path = PrivacyPolicyView.swift; sourceTree = "<group>"; };
		AF2EA280BEF4E2AB842C676D /* VoiceNavigatorView.swift */ = {isa = PBXFileReference; lastKnownFileType = sourcecode.swift; path = VoiceNavigatorView.swift; sourceTree = "<group>"; };
		B70DE10DCE171796021BF002 /* AnatomicalBodyView.swift */ = {isa = PBXFileReference; lastKnownFileType = sourcecode.swift; path = AnatomicalBodyView.swift; sourceTree = "<group>"; };
		B8CC931265A088C667DF63CF /* PeptideTests.xctest */ = {isa = PBXFileReference; includeInIndex = 0; lastKnownFileType = wrapper.cfbundle; path = PeptideTests.xctest; sourceTree = BUILT_PRODUCTS_DIR; };
		C46D439AB4656A15BB6D9283 /* NotesImportView.swift */ = {isa = PBXFileReference; lastKnownFileType = sourcecode.swift; path = NotesImportView.swift; sourceTree = "<group>"; };
		C4ED62FCBA3553F8E2C49ED3 /* MacroTrendChart.swift */ = {isa = PBXFileReference; lastKnownFileType = sourcecode.swift; path = MacroTrendChart.swift; sourceTree = "<group>"; };
		C81281B996D0E617F44A085F /* ProtocolTabView.swift */ = {isa = PBXFileReference; lastKnownFileType = sourcecode.swift; path = ProtocolTabView.swift; sourceTree = "<group>"; };
		C9E1301F2BAD3501B0C4BB17 /* PinningProtocolView.swift */ = {isa = PBXFileReference; lastKnownFileType = sourcecode.swift; path = PinningProtocolView.swift; sourceTree = "<group>"; };
		D1632C678078BEB0665AA2ED /* StackParser.swift */ = {isa = PBXFileReference; lastKnownFileType = sourcecode.swift; path = StackParser.swift; sourceTree = "<group>"; };
		D2EE90CF0787BD8DC1D4F59A /* SettingsView.swift */ = {isa = PBXFileReference; lastKnownFileType = sourcecode.swift; path = SettingsView.swift; sourceTree = "<group>"; };
		DC1B9C8E49674E37ABCC1461 /* Peptide.app */ = {isa = PBXFileReference; includeInIndex = 0; lastKnownFileType = wrapper.application; path = Peptide.app; sourceTree = BUILT_PRODUCTS_DIR; };
		DDCF3995C18E09C086B31D0D /* TodayView.swift */ = {isa = PBXFileReference; lastKnownFileType = sourcecode.swift; path = TodayView.swift; sourceTree = "<group>"; };
		DFD346FCAF6AADDF330F4A97 /* APIKeys.swift.example */ = {isa = PBXFileReference; path = APIKeys.swift.example; sourceTree = "<group>"; };
		E292BDD27FAC49022F969563 /* SyringeMath.swift */ = {isa = PBXFileReference; lastKnownFileType = sourcecode.swift; path = SyringeMath.swift; sourceTree = "<group>"; };
		E316347F2770670754F356D8 /* TrackTabView.swift */ = {isa = PBXFileReference; lastKnownFileType = sourcecode.swift; path = TrackTabView.swift; sourceTree = "<group>"; };
		F7ADA16AA8D67B19118727DC /* FlowLayout.swift */ = {isa = PBXFileReference; lastKnownFileType = sourcecode.swift; path = FlowLayout.swift; sourceTree = "<group>"; };
		"TEMP_6F824813-B65D-4A64-BEF3-B22FE810733C" /* signing.local.xcconfig */ = {isa = PBXFileReference; lastKnownFileType = text.xcconfig; path = signing.local.xcconfig; sourceTree = "<group>"; };
/* End PBXFileReference section */

/* Begin PBXFrameworksBuildPhase section */
		6E4FCDB62879283F72263758 /* Frameworks */ = {
			isa = PBXFrameworksBuildPhase;
			buildActionMask = 2147483647;
			files = (
				41E0CFCB87D46D99DC4A1D28 /* Supabase in Frameworks */,
				21703A41D75774EE32171604 /* RevenueCat in Frameworks */,
				341ED8BBA7662ED854D24444 /* RevenueCatUI in Frameworks */,
				36496D06831957F73E0BCBF9 /* Lottie in Frameworks */,
				EA130F1EF1600AD22B036522 /* PostHog in Frameworks */,
			);
			runOnlyForDeploymentPostprocessing = 0;
		};
/* End PBXFrameworksBuildPhase section */

/* Begin PBXGroup section */
		0F68A98D60EE1535FE6F1529 /* Supporting */ = {
			isa = PBXGroup;
			children = (
				3B564722A3686BFAA42F39AD /* APIKeys.swift */,
				DFD346FCAF6AADDF330F4A97 /* APIKeys.swift.example */,
			);
			path = Supporting;
			sourceTree = "<group>";
		};
		14EBE4F2B58D02DB7D5828F3 /* Food */ = {
			isa = PBXGroup;
			children = (
				22B36B0B6D4699B48F500610 /* FoodTabView.swift */,
			);
			path = Food;
			sourceTree = "<group>";
		};
		1D231F32BA9B4E51EAB32127 /* Supporting */ = {
			isa = PBXGroup;
			children = (
				4A0D7176529AED3124436F30 /* Info.plist */,
			);
			path = Supporting;
			sourceTree = "<group>";
		};
		2629C540FAB1B57046F44305 /* Research */ = {
			isa = PBXGroup;
			children = (
				956466801FBBCC30816247FC /* ResearchListView.swift */,
			);
			path = Research;
			sourceTree = "<group>";
		};
		406C13CE19A4E3C3F01443AD /* Models */ = {
			isa = PBXGroup;
			children = (
				66065355EBBA201EE7E69E6A /* BACProtocol.swift */,
				076A91AAB121FA0493A27AE2 /* Citation.swift */,
				4DB6327A6B6BE70607338173 /* Compound.swift */,
				642C8EDF9F10373D5E8F1B1F /* CompoundCatalog.swift */,
				33ADA76A6D88E5EF9202B08A /* DosingFormula.swift */,
				9E49A1AE719F5A51FB839D78 /* GoalCategory.swift */,
				79AE3A764B3513CBBD071C8A /* PeptideTimeline.swift */,
				82FA4DB407C883FA11232C39 /* PinSite.swift */,
				452EA4D408F6C222548AFE28 /* SwiftDataModels.swift */,
			);
			path = Models;
			sourceTree = "<group>";
		};
		47510E2E5B97F00DACFDD1B0 = {
			isa = PBXGroup;
			children = (
				FABA231287DC44213A3D8DFD /* Resources */,
				708F8B8FC8E2240706FC4FC2 /* Sources */,
				1D231F32BA9B4E51EAB32127 /* Supporting */,
				F7ADA2DC7C739EF2E4C977C5 /* Tests */,
				80E5D28D6E7152E2D376F84D /* Products */,
			);
			sourceTree = "<group>";
		};
		5136AC7499D434780E368920 /* Services */ = {
			isa = PBXGroup;
			children = (
				4A13A112102DD1749034842B /* Analytics.swift */,
				31ACAA9EE356CB22FDD6D04A /* AuthManager.swift */,
				14FAFC0F5F4132FBDFCBF8F2 /* ElevenLabsTTSService.swift */,
				2E7CF0EAF1AA35855DA9CADD /* ExerciseDatabase.swift */,
				77F02C3985AE4EDAEB4A311B /* GoalDetector.swift */,
				83EF1C2877E8A8C14B12F176 /* NavigationCoordinator.swift */,
				307D6C67FEE3B5A964C881E7 /* NotificationScheduler.swift */,
				5749C3D684B1992D8AE65B5F /* NudgeEngine.swift */,
				71A1FC4EE0034C6A557A5506 /* OpenFoodFactsService.swift */,
				648CAF1BCC80EE0DA43023CC /* PepperContextBuilder.swift */,
				1DEE0D62385E013F3E74DA04 /* PepperModels.swift */,
				1DC9DAA4ACFF3CB8267F8DB7 /* PepperService.swift */,
				1EECE96E8FD10C2E3E738D13 /* PurchasesManager.swift */,
				D1632C678078BEB0665AA2ED /* StackParser.swift */,
				44590837E2D24B259E42580E /* StackRecommender.swift */,
				15DB48CB21F5DA7F35B6966C /* SupabaseClient.swift */,
				951AE98846C374F5BECFA160 /* SyncService.swift */,
				E292BDD27FAC49022F969563 /* SyringeMath.swift */,
				08E994D55DE0711618AF440C /* VoiceIntent.swift */,
				13F065198D4DEE474CB56BBC /* VoiceRecognitionService.swift */,
			);
			path = Services;
			sourceTree = "<group>";
		};
		67B983F1E9128BB74725E7DD /* Settings */ = {
			isa = PBXGroup;
			children = (
				AEA62E288498A45ECB24D384 /* PrivacyPolicyView.swift */,
				D2EE90CF0787BD8DC1D4F59A /* SettingsView.swift */,
			);
			path = Settings;
			sourceTree = "<group>";
		};
		708F8B8FC8E2240706FC4FC2 /* Sources */ = {
			isa = PBXGroup;
			children = (
				F6ECDFAD38157713D6F847C4 /* App */,
				406C13CE19A4E3C3F01443AD /* Models */,
				5136AC7499D434780E368920 /* Services */,
				0F68A98D60EE1535FE6F1529 /* Supporting */,
				A31D2DBC8ACB838EDC70FBF0 /* Views */,
			);
			path = Sources;
			sourceTree = "<group>";
		};
		78EAA3291BFB6DEB2F193572 /* Stack */ = {
			isa = PBXGroup;
			children = (
				C46D439AB4656A15BB6D9283 /* NotesImportView.swift */,
				8E48A21DCF929DD3C1C84A3F /* StackImportView.swift */,
				AE5B5D8E6C281FAC630BA123 /* StackPreviewSheet.swift */,
				631174733F7A673FD27BAECB /* VoiceImportView.swift */,
			);
			path = Stack;
			sourceTree = "<group>";
		};
		80600AADB2125E6217355668 /* Components */ = {
			isa = PBXGroup;
			children = (
				B70DE10DCE171796021BF002 /* AnatomicalBodyView.swift */,
				23C142A9864CCB0FDBD356AC /* CompoundPickerView.swift */,
				09AB6425F051690375637C19 /* DosingCalculatorView.swift */,
				F7ADA16AA8D67B19118727DC /* FlowLayout.swift */,
				714AF4E8BC9F1C775607B76B /* LottieView.swift */,
				C4ED62FCBA3553F8E2C49ED3 /* MacroTrendChart.swift */,
				3C28C870AF0B99649B38270C /* PeptideTimelineView.swift */,
				C9E1301F2BAD3501B0C4BB17 /* PinningProtocolView.swift */,
				AF2EA280BEF4E2AB842C676D /* VoiceNavigatorView.swift */,
			);
			path = Components;
			sourceTree = "<group>";
		};
		80E5D28D6E7152E2D376F84D /* Products */ = {
			isa = PBXGroup;
			children = (
				DC1B9C8E49674E37ABCC1461 /* Peptide.app */,
				B8CC931265A088C667DF63CF /* PeptideTests.xctest */,
			);
			name = Products;
			sourceTree = "<group>";
		};
		972BEF58AC5DD9C8BA22F412 /* AskPepper */ = {
			isa = PBXGroup;
			children = (
				58D95FFAD7DEAB4958C16CB2 /* AskPepperView.swift */,
			);
			path = AskPepper;
			sourceTree = "<group>";
		};
		A31D2DBC8ACB838EDC70FBF0 /* Views */ = {
			isa = PBXGroup;
			children = (
				972BEF58AC5DD9C8BA22F412 /* AskPepper */,
				80600AADB2125E6217355668 /* Components */,
				14EBE4F2B58D02DB7D5828F3 /* Food */,
				D882B1AABDF0D7103D8EC3D4 /* Onboarding */,
				D949030410B93D98703031F5 /* Paywall */,
				CA487E671FFE0804BB40DCE1 /* Protocol */,
				2629C540FAB1B57046F44305 /* Research */,
				67B983F1E9128BB74725E7DD /* Settings */,
				78EAA3291BFB6DEB2F193572 /* Stack */,
				F17194B336DF13AFAE6EEFA3 /* Today */,
				F2F49CE1FA1BEB7D99E4A87F /* Track */,
			);
			path = Views;
			sourceTree = "<group>";
		};
		CA487E671FFE0804BB40DCE1 /* Protocol */ = {
			isa = PBXGroup;
			children = (
				C81281B996D0E617F44A085F /* ProtocolTabView.swift */,
			);
			path = Protocol;
			sourceTree = "<group>";
		};
		D882B1AABDF0D7103D8EC3D4 /* Onboarding */ = {
			isa = PBXGroup;
			children = (
				1C7560D8BCF42694B0ACDA4C /* OnboardingBodyView.swift */,
				8240F06BC312D3478B2E2F66 /* OnboardingCreateAccountView.swift */,
				5D0827F65CF977B525D00EEC /* OnboardingFlowView.swift */,
				0F7C10FE0722B93F7E0975FB /* OnboardingGoalsView.swift */,
				1B3B069A3CD076DAAE02B5E4 /* OnboardingNumbersView.swift */,
				4BE1BEA9EC2097A18D833D94 /* OnboardingProtocolView.swift */,
				2F85AE984B455CD7B3002A97 /* OnboardingTrialView.swift */,
			);
			path = Onboarding;
			sourceTree = "<group>";
		};
		D949030410B93D98703031F5 /* Paywall */ = {
			isa = PBXGroup;
			children = (
				94664F5884BE502877EF5DD9 /* PaywallView.swift */,
			);
			path = Paywall;
			sourceTree = "<group>";
		};
		F17194B336DF13AFAE6EEFA3 /* Today */ = {
			isa = PBXGroup;
			children = (
				640BA05A60D6E614713F44D3 /* SideEffectSheet.swift */,
				DDCF3995C18E09C086B31D0D /* TodayView.swift */,
			);
			path = Today;
			sourceTree = "<group>";
		};
		F2F49CE1FA1BEB7D99E4A87F /* Track */ = {
			isa = PBXGroup;
			children = (
				E316347F2770670754F356D8 /* TrackTabView.swift */,
			);
			path = Track;
			sourceTree = "<group>";
		};
		F6ECDFAD38157713D6F847C4 /* App */ = {
			isa = PBXGroup;
			children = (
				AB0150D0E02B61CFA97BBFEA /* AppState.swift */,
				8629AC5349E466A634E49CB9 /* ColorExtension.swift */,
				5E90F5C9CC4F01BEAFFFC864 /* MainTabView.swift */,
				78D52DE6232789F2ED1E60EE /* PeptideApp.swift */,
				884BF69D72044410038548F2 /* SplashView.swift */,
			);
			path = App;
			sourceTree = "<group>";
		};
		F7ADA2DC7C739EF2E4C977C5 /* Tests */ = {
			isa = PBXGroup;
			children = (
				20F9C61D78F92A916950AF5E /* DosingFormulaTests.swift */,
				97C5E275C05D9FB99B4A611F /* GoalDetectorTests.swift */,
				12C0037AF03875FF9BD7064C /* StackParserTests.swift */,
				9D748DD8878D375FCD0A9963 /* SyringeMathTests.swift */,
				2DA4494318EF7FDC77856780 /* VoiceIntentTests.swift */,
			);
			path = Tests;
			sourceTree = "<group>";
		};
		FABA231287DC44213A3D8DFD /* Resources */ = {
			isa = PBXGroup;
			children = (
				058D4DB3BB7FB5A2E2FDCF32 /* Assets.xcassets */,
				0A36C84F71999C76F3086939 /* lottie_success.json */,
			);
			path = Resources;
			sourceTree = "<group>";
		};
		"TEMP_03783E5E-F31E-44F7-9F04-97478B55BA12" /* Pepper */ = {
			isa = PBXGroup;
			children = (
				"TEMP_6F824813-B65D-4A64-BEF3-B22FE810733C" /* signing.local.xcconfig */,
			);
			path = Pepper;
			sourceTree = "<group>";
		};
/* End PBXGroup section */

/* Begin PBXNativeTarget section */
		06827AEF4B9151CF63476AB9 /* PeptideTests */ = {
			isa = PBXNativeTarget;
			buildConfigurationList = 933F450A62036675073A7B1C /* Build configuration list for PBXNativeTarget "PeptideTests" */;
			buildPhases = (
				416D3063EEB37B733FDD2B70 /* Sources */,
			);
			buildRules = (
			);
			dependencies = (
				87A7C4AE2885A1F9215CD623 /* PBXTargetDependency */,
			);
			name = PeptideTests;
			packageProductDependencies = (
			);
			productName = PeptideTests;
			productReference = B8CC931265A088C667DF63CF /* PeptideTests.xctest */;
			productType = "com.apple.product-type.bundle.unit-test";
		};
		7FCBD66D71F7E1C3FE33F38E /* Peptide */ = {
			isa = PBXNativeTarget;
			buildConfigurationList = AF3AE4673E76996144620021 /* Build configuration list for PBXNativeTarget "Peptide" */;
			buildPhases = (
				64E7BCD6AA2082D6F3DC5743 /* Sources */,
				F84B4AC88E9698246134151C /* Resources */,
				6E4FCDB62879283F72263758 /* Frameworks */,
			);
			buildRules = (
			);
			dependencies = (
			);
			name = Peptide;
			packageProductDependencies = (
				6101776D06AFE01551CD1B66 /* Supabase */,
				3747C358D2AD7863132D77FB /* RevenueCat */,
				5540A5A0FF78422BA495CF3E /* RevenueCatUI */,
				4259C646A81323FD332495F9 /* Lottie */,
				A417C4F2E3ECF95B02E08DCB /* PostHog */,
			);
			productName = Peptide;
			productReference = DC1B9C8E49674E37ABCC1461 /* Peptide.app */;
			productType = "com.apple.product-type.application";
		};
/* End PBXNativeTarget section */

/* Begin PBXProject section */
		1A354FEE4113C1C899E9AE8C /* Project object */ = {
			isa = PBXProject;
			attributes = {
				BuildIndependentTargetsInParallel = YES;
				LastUpgradeCheck = 1600;
				TargetAttributes = {
					06827AEF4B9151CF63476AB9 = {
						DevelopmentTeam = "$(LOCAL_DEVELOPMENT_TEAM)";
						ProvisioningStyle = Automatic;
					};
					7FCBD66D71F7E1C3FE33F38E = {
						DevelopmentTeam = "$(LOCAL_DEVELOPMENT_TEAM)";
						ProvisioningStyle = Automatic;
					};
				};
			};
			buildConfigurationList = 987784B9CA352B80914746D9 /* Build configuration list for PBXProject "Peptide" */;
			developmentRegion = en;
			hasScannedForEncodings = 0;
			knownRegions = (
				Base,
				en,
			);
			mainGroup = 47510E2E5B97F00DACFDD1B0;
			minimizedProjectReferenceProxies = 1;
			packageReferences = (
				382B3CD654373BC578BEBF60 /* XCRemoteSwiftPackageReference "lottie-ios" */,
				77DCAF9ECCDA4857709E490D /* XCRemoteSwiftPackageReference "posthog-ios" */,
				658BDC87391E7B0EE42DD68D /* XCRemoteSwiftPackageReference "purchases-ios-spm" */,
				CDCE47361573688F5CAD715D /* XCRemoteSwiftPackageReference "supabase-swift" */,
			);
			preferredProjectObjectVersion = 77;
			productRefGroup = 80E5D28D6E7152E2D376F84D /* Products */;
			projectDirPath = "";
			projectRoot = "";
			targets = (
				7FCBD66D71F7E1C3FE33F38E /* Peptide */,
				06827AEF4B9151CF63476AB9 /* PeptideTests */,
			);
		};
/* End PBXProject section */

/* Begin PBXResourcesBuildPhase section */
		F84B4AC88E9698246134151C /* Resources */ = {
			isa = PBXResourcesBuildPhase;
			buildActionMask = 2147483647;
			files = (
				C432D36EEFC8DFFE315EB3E8 /* APIKeys.swift.example in Resources */,
				EB2253F1F4ECCE438EB5E477 /* Assets.xcassets in Resources */,
				B07D91F7CD756A014CE7939F /* lottie_success.json in Resources */,
			);
			runOnlyForDeploymentPostprocessing = 0;
		};
/* End PBXResourcesBuildPhase section */

/* Begin PBXSourcesBuildPhase section */
		416D3063EEB37B733FDD2B70 /* Sources */ = {
			isa = PBXSourcesBuildPhase;
			buildActionMask = 2147483647;
			files = (
				E155D43619E7CB159EBC9C6B /* DosingFormulaTests.swift in Sources */,
				75A4A165E409C941532C83A4 /* GoalDetectorTests.swift in Sources */,
				34E5779E0578758EC566E6A4 /* StackParserTests.swift in Sources */,
				249E7E3126D337ED75D62678 /* SyringeMathTests.swift in Sources */,
				4841CCC7EAC0C554152ED366 /* VoiceIntentTests.swift in Sources */,
			);
			runOnlyForDeploymentPostprocessing = 0;
		};
		64E7BCD6AA2082D6F3DC5743 /* Sources */ = {
			isa = PBXSourcesBuildPhase;
			buildActionMask = 2147483647;
			files = (
				F1CA442814B442562B147FF6 /* APIKeys.swift in Sources */,
				FBE740CF4A901B737C9BEEAA /* Analytics.swift in Sources */,
				C124B6C82F158DF46E109ED6 /* AnatomicalBodyView.swift in Sources */,
				7546DB80CD5A3A000505D8E1 /* AppState.swift in Sources */,
				D025907A95742B73F594ADF6 /* AskPepperView.swift in Sources */,
				B351BF0B1DABD8ED6534FDF7 /* AuthManager.swift in Sources */,
				9DD0EEA597BDED5D08634632 /* BACProtocol.swift in Sources */,
				7D72DB8F68ABF974A67C9E09 /* Citation.swift in Sources */,
				634D165186B12B04169FB7EA /* ColorExtension.swift in Sources */,
				EAA3579483953D71C5B20780 /* Compound.swift in Sources */,
				C62CD5F57157F00777886F94 /* CompoundCatalog.swift in Sources */,
				D632A33494003BE6BF74C8BD /* CompoundPickerView.swift in Sources */,
				FA3E8941D92A6B833F61C372 /* DosingCalculatorView.swift in Sources */,
				BCC2D9BEF07BA936C5172930 /* DosingFormula.swift in Sources */,
				AA3E1A7BDCBA23D6AB9BDF00 /* ElevenLabsTTSService.swift in Sources */,
				55EB6662725107348C4FC870 /* ExerciseDatabase.swift in Sources */,
				0C5313D9ABAF9C4B3BC03FC1 /* FlowLayout.swift in Sources */,
				6EE97F7B9AB12AF4F5C4C477 /* FoodTabView.swift in Sources */,
				9E974CFFEAFAFE7B1F9771D8 /* GoalCategory.swift in Sources */,
				68DAD0A97CA52989F1A69391 /* GoalDetector.swift in Sources */,
				3595B0C2116E96258D63CE77 /* LottieView.swift in Sources */,
				620DB762374BD554E02861BF /* MacroTrendChart.swift in Sources */,
				8881F38842433B366966770D /* MainTabView.swift in Sources */,
				24C1681AC17DA31FA4D105D8 /* NavigationCoordinator.swift in Sources */,
				ABF44F7A0831BD322DE640A3 /* NotesImportView.swift in Sources */,
				AE52EB46C2F4E043B174BBE6 /* NotificationScheduler.swift in Sources */,
				8000882C43C1A7CC1DE2E3A7 /* NudgeEngine.swift in Sources */,
				D477F76133F4F12EF70C87BA /* OnboardingBodyView.swift in Sources */,
				6BD841B514DE4AABAEDA3773 /* OnboardingCreateAccountView.swift in Sources */,
				C32373CE8E8A1C91CBB1955D /* OnboardingFlowView.swift in Sources */,
				C5BDD4AD2A7B9A5FD35E2C10 /* OnboardingGoalsView.swift in Sources */,
				A7B2FC999B13644600B6E78A /* OnboardingNumbersView.swift in Sources */,
				E970DC4E918F28A3F53274A9 /* OnboardingProtocolView.swift in Sources */,
				892124118AD69972FB39F762 /* OnboardingTrialView.swift in Sources */,
				5F91630A4E042D1D5239A6A0 /* OpenFoodFactsService.swift in Sources */,
				B68C3E70C523CDCDE23EDDFB /* PaywallView.swift in Sources */,
				0C1D77D43F4A0920459F42CB /* PepperContextBuilder.swift in Sources */,
				932AB36FD0950BD7DDA83F04 /* PepperModels.swift in Sources */,
				0C8A239A8443142568C3E911 /* PepperService.swift in Sources */,
				AF825FC006426E88FCAFFE47 /* PeptideApp.swift in Sources */,
				1A91E7BBEB1A2DE59A7E5808 /* PeptideTimeline.swift in Sources */,
				8B84FA222086FE66EA43940A /* PeptideTimelineView.swift in Sources */,
				448D2DB89CA1F8BFA33CC8EE /* PinSite.swift in Sources */,
				5F9F36A1FB50A533C323B192 /* PinningProtocolView.swift in Sources */,
				7F0AF604F49071432B1A0D87 /* PrivacyPolicyView.swift in Sources */,
				D3D6EAB137698AEC56A96F81 /* ProtocolTabView.swift in Sources */,
				54AB0800CFDB72E621879B4D /* PurchasesManager.swift in Sources */,
				A82EC9F4D8EEFFA3D2919545 /* ResearchListView.swift in Sources */,
				F1F465BEEF7BF4E117DA70B7 /* SettingsView.swift in Sources */,
				C80E7009798DA54693B9C8FC /* SideEffectSheet.swift in Sources */,
				C2542417C91B2DC45C51215F /* SplashView.swift in Sources */,
				485BB37992DF7287EABE9FF2 /* StackImportView.swift in Sources */,
				C95C656B1B68303AE62BF622 /* StackParser.swift in Sources */,
				4F5F25040C0FFEAD78A62B2C /* StackPreviewSheet.swift in Sources */,
				934D8BE266B1AC4191FEB287 /* StackRecommender.swift in Sources */,
				F94374DCCDC4CE7A4F271880 /* SupabaseClient.swift in Sources */,
				DB11EA057504EBA160F95C55 /* SwiftDataModels.swift in Sources */,
				3B10F0E05CF40FFC9684D6F8 /* SyncService.swift in Sources */,
				E2DC4FE07A41561301BA8A8B /* SyringeMath.swift in Sources */,
				94E563CCA405EBAD146DC369 /* TodayView.swift in Sources */,
				27581A45ECFCBC818FBDEAEA /* TrackTabView.swift in Sources */,
				B40E4DFC7079A59F0563EBBA /* VoiceImportView.swift in Sources */,
				F4CD50DC0AF911687607B99D /* VoiceIntent.swift in Sources */,
				809B45E7BA962701EB4216F5 /* VoiceNavigatorView.swift in Sources */,
				2835BF87D8CFAA389D1B7013 /* VoiceRecognitionService.swift in Sources */,
			);
			runOnlyForDeploymentPostprocessing = 0;
		};
/* End PBXSourcesBuildPhase section */

/* Begin PBXTargetDependency section */
		87A7C4AE2885A1F9215CD623 /* PBXTargetDependency */ = {
			isa = PBXTargetDependency;
			target = 7FCBD66D71F7E1C3FE33F38E /* Peptide */;
			targetProxy = B9BA987495CAC327FF37D07B /* PBXContainerItemProxy */;
		};
/* End PBXTargetDependency section */

/* Begin XCBuildConfiguration section */
		038FB97808E825FDEB708363 /* Release */ = {
			isa = XCBuildConfiguration;
			buildSettings = {
				ASSETCATALOG_COMPILER_APPICON_NAME = AppIcon;
				CODE_SIGN_IDENTITY = "iPhone Developer";
				INFOPLIST_FILE = Supporting/Info.plist;
				LD_RUNPATH_SEARCH_PATHS = (
					"$(inherited)",
					"@executable_path/Frameworks",
				);
				SDKROOT = iphoneos;
				TARGETED_DEVICE_FAMILY = "1,2";
			};
			name = Release;
		};
		31E62110B2322732000614E4 /* Debug */ = {
			isa = XCBuildConfiguration;
			buildSettings = {
				ASSETCATALOG_COMPILER_APPICON_NAME = AppIcon;
				CODE_SIGN_IDENTITY = "iPhone Developer";
				INFOPLIST_FILE = Supporting/Info.plist;
				LD_RUNPATH_SEARCH_PATHS = (
					"$(inherited)",
					"@executable_path/Frameworks",
				);
				SDKROOT = iphoneos;
				TARGETED_DEVICE_FAMILY = "1,2";
			};
			name = Debug;
		};
		394DEFBB905690069F45F343 /* Debug */ = {
			isa = XCBuildConfiguration;
			baseConfigurationReference = "TEMP_6F824813-B65D-4A64-BEF3-B22FE810733C" /* signing.local.xcconfig */;
			buildSettings = {
				ALWAYS_SEARCH_USER_PATHS = NO;
				ASSETCATALOG_COMPILER_APPICON_NAME = AppIcon;
				CLANG_ANALYZER_NONNULL = YES;
				CLANG_ANALYZER_NUMBER_OBJECT_CONVERSION = YES_AGGRESSIVE;
				CLANG_CXX_LANGUAGE_STANDARD = "gnu++14";
				CLANG_CXX_LIBRARY = "libc++";
				CLANG_ENABLE_MODULES = YES;
				CLANG_ENABLE_OBJC_ARC = YES;
				CLANG_ENABLE_OBJC_WEAK = YES;
				CLANG_WARN_BLOCK_CAPTURE_AUTORELEASING = YES;
				CLANG_WARN_BOOL_CONVERSION = YES;
				CLANG_WARN_COMMA = YES;
				CLANG_WARN_CONSTANT_CONVERSION = YES;
				CLANG_WARN_DEPRECATED_OBJC_IMPLEMENTATIONS = YES;
				CLANG_WARN_DIRECT_OBJC_ISA_USAGE = YES_ERROR;
				CLANG_WARN_DOCUMENTATION_COMMENTS = YES;
				CLANG_WARN_EMPTY_BODY = YES;
				CLANG_WARN_ENUM_CONVERSION = YES;
				CLANG_WARN_INFINITE_RECURSION = YES;
				CLANG_WARN_INT_CONVERSION = YES;
				CLANG_WARN_NON_LITERAL_NULL_CONVERSION = YES;
				CLANG_WARN_OBJC_IMPLICIT_RETAIN_SELF = YES;
				CLANG_WARN_OBJC_LITERAL_CONVERSION = YES;
				CLANG_WARN_OBJC_ROOT_CLASS = YES_ERROR;
				CLANG_WARN_QUOTED_INCLUDE_IN_FRAMEWORK_HEADER = YES;
				CLANG_WARN_RANGE_LOOP_ANALYSIS = YES;
				CLANG_WARN_STRICT_PROTOTYPES = YES;
				CLANG_WARN_SUSPICIOUS_MOVE = YES;
				CLANG_WARN_UNGUARDED_AVAILABILITY = YES_AGGRESSIVE;
				CLANG_WARN_UNREACHABLE_CODE = YES;
				CLANG_WARN__DUPLICATE_METHOD_MATCH = YES;
				CODE_SIGN_IDENTITY = "Apple Development";
				CODE_SIGN_STYLE = Automatic;
				COPY_PHASE_STRIP = NO;
				CURRENT_PROJECT_VERSION = 1;
				DEBUG_INFORMATION_FORMAT = dwarf;
				DEVELOPMENT_TEAM = "$(LOCAL_DEVELOPMENT_TEAM)";
				ENABLE_STRICT_OBJC_MSGSEND = YES;
				ENABLE_TESTABILITY = YES;
				GCC_C_LANGUAGE_STANDARD = gnu11;
				GCC_DYNAMIC_NO_PIC = NO;
				GCC_NO_COMMON_BLOCKS = YES;
				GCC_OPTIMIZATION_LEVEL = 0;
				GCC_PREPROCESSOR_DEFINITIONS = (
					"$(inherited)",
					"DEBUG=1",
				);
				GCC_WARN_64_TO_32_BIT_CONVERSION = YES;
				GCC_WARN_ABOUT_RETURN_TYPE = YES_ERROR;
				GCC_WARN_UNDECLARED_SELECTOR = YES;
				GCC_WARN_UNINITIALIZED_AUTOS = YES_AGGRESSIVE;
				GCC_WARN_UNUSED_FUNCTION = YES;
				GCC_WARN_UNUSED_VARIABLE = YES;
				INFOPLIST_FILE = Supporting/Info.plist;
				IPHONEOS_DEPLOYMENT_TARGET = 17.0;
				MARKETING_VERSION = 1.0;
				MTL_ENABLE_DEBUG_INFO = INCLUDE_SOURCE;
				MTL_FAST_MATH = YES;
				ONLY_ACTIVE_ARCH = YES;
				PRODUCT_BUNDLE_IDENTIFIER = "$(LOCAL_BUNDLE_ID)";
				PRODUCT_NAME = "$(TARGET_NAME)";
				SDKROOT = iphoneos;
				SUPPORTS_MAC_DESIGNED_FOR_IPHONE_IPAD = NO;
				SWIFT_ACTIVE_COMPILATION_CONDITIONS = DEBUG;
				SWIFT_OPTIMIZATION_LEVEL = "-Onone";
				SWIFT_VERSION = 6.0;
				TARGETED_DEVICE_FAMILY = 1;
				UIRequiresFullScreen = YES;
			};
			name = Debug;
		};
		48E29FE693B4811505754824 /* Release */ = {
			isa = XCBuildConfiguration;
			baseConfigurationReference = "TEMP_6F824813-B65D-4A64-BEF3-B22FE810733C" /* signing.local.xcconfig */;
			buildSettings = {
				ALWAYS_SEARCH_USER_PATHS = NO;
				ASSETCATALOG_COMPILER_APPICON_NAME = AppIcon;
				CLANG_ANALYZER_NONNULL = YES;
				CLANG_ANALYZER_NUMBER_OBJECT_CONVERSION = YES_AGGRESSIVE;
				CLANG_CXX_LANGUAGE_STANDARD = "gnu++14";
				CLANG_CXX_LIBRARY = "libc++";
				CLANG_ENABLE_MODULES = YES;
				CLANG_ENABLE_OBJC_ARC = YES;
				CLANG_ENABLE_OBJC_WEAK = YES;
				CLANG_WARN_BLOCK_CAPTURE_AUTORELEASING = YES;
				CLANG_WARN_BOOL_CONVERSION = YES;
				CLANG_WARN_COMMA = YES;
				CLANG_WARN_CONSTANT_CONVERSION = YES;
				CLANG_WARN_DEPRECATED_OBJC_IMPLEMENTATIONS = YES;
				CLANG_WARN_DIRECT_OBJC_ISA_USAGE = YES_ERROR;
				CLANG_WARN_DOCUMENTATION_COMMENTS = YES;
				CLANG_WARN_EMPTY_BODY = YES;
				CLANG_WARN_ENUM_CONVERSION = YES;
				CLANG_WARN_INFINITE_RECURSION = YES;
				CLANG_WARN_INT_CONVERSION = YES;
				CLANG_WARN_NON_LITERAL_NULL_CONVERSION = YES;
				CLANG_WARN_OBJC_IMPLICIT_RETAIN_SELF = YES;
				CLANG_WARN_OBJC_LITERAL_CONVERSION = YES;
				CLANG_WARN_OBJC_ROOT_CLASS = YES_ERROR;
				CLANG_WARN_QUOTED_INCLUDE_IN_FRAMEWORK_HEADER = YES;
				CLANG_WARN_RANGE_LOOP_ANALYSIS = YES;
				CLANG_WARN_STRICT_PROTOTYPES = YES;
				CLANG_WARN_SUSPICIOUS_MOVE = YES;
				CLANG_WARN_UNGUARDED_AVAILABILITY = YES_AGGRESSIVE;
				CLANG_WARN_UNREACHABLE_CODE = YES;
				CLANG_WARN__DUPLICATE_METHOD_MATCH = YES;
				CODE_SIGN_IDENTITY = "Apple Development";
				CODE_SIGN_STYLE = Automatic;
				COPY_PHASE_STRIP = NO;
				CURRENT_PROJECT_VERSION = 1;
				DEBUG_INFORMATION_FORMAT = "dwarf-with-dsym";
				DEVELOPMENT_TEAM = "$(LOCAL_DEVELOPMENT_TEAM)";
				ENABLE_NS_ASSERTIONS = NO;
				ENABLE_STRICT_OBJC_MSGSEND = YES;
				GCC_C_LANGUAGE_STANDARD = gnu11;
				GCC_NO_COMMON_BLOCKS = YES;
				GCC_WARN_64_TO_32_BIT_CONVERSION = YES;
				GCC_WARN_ABOUT_RETURN_TYPE = YES_ERROR;
				GCC_WARN_UNDECLARED_SELECTOR = YES;
				GCC_WARN_UNINITIALIZED_AUTOS = YES_AGGRESSIVE;
				GCC_WARN_UNUSED_FUNCTION = YES;
				GCC_WARN_UNUSED_VARIABLE = YES;
				INFOPLIST_FILE = Supporting/Info.plist;
				IPHONEOS_DEPLOYMENT_TARGET = 17.0;
				MARKETING_VERSION = 1.0;
				MTL_ENABLE_DEBUG_INFO = NO;
				MTL_FAST_MATH = YES;
				PRODUCT_BUNDLE_IDENTIFIER = "$(LOCAL_BUNDLE_ID)";
				PRODUCT_NAME = "$(TARGET_NAME)";
				SDKROOT = iphoneos;
				SUPPORTS_MAC_DESIGNED_FOR_IPHONE_IPAD = NO;
				SWIFT_COMPILATION_MODE = wholemodule;
				SWIFT_OPTIMIZATION_LEVEL = "-O";
				SWIFT_VERSION = 6.0;
				TARGETED_DEVICE_FAMILY = 1;
				UIRequiresFullScreen = YES;
			};
			name = Release;
		};
		9DD58D1261F551E8AFD481D1 /* Release */ = {
			isa = XCBuildConfiguration;
			buildSettings = {
				BUNDLE_LOADER = "$(TEST_HOST)";
				IPHONEOS_DEPLOYMENT_TARGET = 17.0;
				LD_RUNPATH_SEARCH_PATHS = (
					"$(inherited)",
					"@executable_path/Frameworks",
					"@loader_path/Frameworks",
				);
				SDKROOT = iphoneos;
				SWIFT_VERSION = 6.0;
				TARGETED_DEVICE_FAMILY = "1,2";
				TEST_HOST = "$(BUILT_PRODUCTS_DIR)/Peptide.app/$(BUNDLE_EXECUTABLE_FOLDER_PATH)/Peptide";
			};
			name = Release;
		};
		EF275163317FDEA1F718B1ED /* Debug */ = {
			isa = XCBuildConfiguration;
			buildSettings = {
				BUNDLE_LOADER = "$(TEST_HOST)";
				IPHONEOS_DEPLOYMENT_TARGET = 17.0;
				LD_RUNPATH_SEARCH_PATHS = (
					"$(inherited)",
					"@executable_path/Frameworks",
					"@loader_path/Frameworks",
				);
				SDKROOT = iphoneos;
				SWIFT_VERSION = 6.0;
				TARGETED_DEVICE_FAMILY = "1,2";
				TEST_HOST = "$(BUILT_PRODUCTS_DIR)/Peptide.app/$(BUNDLE_EXECUTABLE_FOLDER_PATH)/Peptide";
			};
			name = Debug;
		};
/* End XCBuildConfiguration section */

/* Begin XCConfigurationList section */
		933F450A62036675073A7B1C /* Build configuration list for PBXNativeTarget "PeptideTests" */ = {
			isa = XCConfigurationList;
			buildConfigurations = (
				EF275163317FDEA1F718B1ED /* Debug */,
				9DD58D1261F551E8AFD481D1 /* Release */,
			);
			defaultConfigurationIsVisible = 0;
			defaultConfigurationName = Debug;
		};
		987784B9CA352B80914746D9 /* Build configuration list for PBXProject "Peptide" */ = {
			isa = XCConfigurationList;
			buildConfigurations = (
				394DEFBB905690069F45F343 /* Debug */,
				48E29FE693B4811505754824 /* Release */,
			);
			defaultConfigurationIsVisible = 0;
			defaultConfigurationName = Debug;
		};
		AF3AE4673E76996144620021 /* Build configuration list for PBXNativeTarget "Peptide" */ = {
			isa = XCConfigurationList;
			buildConfigurations = (
				31E62110B2322732000614E4 /* Debug */,
				038FB97808E825FDEB708363 /* Release */,
			);
			defaultConfigurationIsVisible = 0;
			defaultConfigurationName = Debug;
		};
/* End XCConfigurationList section */

/* Begin XCRemoteSwiftPackageReference section */
		382B3CD654373BC578BEBF60 /* XCRemoteSwiftPackageReference "lottie-ios" */ = {
			isa = XCRemoteSwiftPackageReference;
			repositoryURL = "https://github.com/airbnb/lottie-ios.git";
			requirement = {
				kind = upToNextMajorVersion;
				minimumVersion = 4.0.0;
			};
		};
		658BDC87391E7B0EE42DD68D /* XCRemoteSwiftPackageReference "purchases-ios-spm" */ = {
			isa = XCRemoteSwiftPackageReference;
			repositoryURL = "https://github.com/RevenueCat/purchases-ios-spm.git";
			requirement = {
				kind = upToNextMajorVersion;
				minimumVersion = 5.0.0;
			};
		};
		77DCAF9ECCDA4857709E490D /* XCRemoteSwiftPackageReference "posthog-ios" */ = {
			isa = XCRemoteSwiftPackageReference;
			repositoryURL = "https://github.com/PostHog/posthog-ios.git";
			requirement = {
				kind = upToNextMajorVersion;
				minimumVersion = 3.0.0;
			};
		};
		CDCE47361573688F5CAD715D /* XCRemoteSwiftPackageReference "supabase-swift" */ = {
			isa = XCRemoteSwiftPackageReference;
			repositoryURL = "https://github.com/supabase/supabase-swift";
			requirement = {
				kind = upToNextMajorVersion;
				minimumVersion = 2.0.0;
			};
		};
/* End XCRemoteSwiftPackageReference section */

/* Begin XCSwiftPackageProductDependency section */
		3747C358D2AD7863132D77FB /* RevenueCat */ = {
			isa = XCSwiftPackageProductDependency;
			package = 658BDC87391E7B0EE42DD68D /* XCRemoteSwiftPackageReference "purchases-ios-spm" */;
			productName = RevenueCat;
		};
		4259C646A81323FD332495F9 /* Lottie */ = {
			isa = XCSwiftPackageProductDependency;
			package = 382B3CD654373BC578BEBF60 /* XCRemoteSwiftPackageReference "lottie-ios" */;
			productName = Lottie;
		};
		5540A5A0FF78422BA495CF3E /* RevenueCatUI */ = {
			isa = XCSwiftPackageProductDependency;
			package = 658BDC87391E7B0EE42DD68D /* XCRemoteSwiftPackageReference "purchases-ios-spm" */;
			productName = RevenueCatUI;
		};
		6101776D06AFE01551CD1B66 /* Supabase */ = {
			isa = XCSwiftPackageProductDependency;
			package = CDCE47361573688F5CAD715D /* XCRemoteSwiftPackageReference "supabase-swift" */;
			productName = Supabase;
		};
		A417C4F2E3ECF95B02E08DCB /* PostHog */ = {
			isa = XCSwiftPackageProductDependency;
			package = 77DCAF9ECCDA4857709E490D /* XCRemoteSwiftPackageReference "posthog-ios" */;
			productName = PostHog;
		};
/* End XCSwiftPackageProductDependency section */
	};
	rootObject = 1A354FEE4113C1C899E9AE8C /* Project object */;
}
